
Microsoft Visual Studio Solution File, Format Version 12.00
# Visual Studio Version 17
VisualStudioVersion = 17.0.31903.59
MinimumVisualStudioVersion = 10.0.40219.1
Project("{8BC9CEB8-8B4A-11D0-8D11-00A0C91BC942}") = "HW1", "HW1\HW1.vcxproj", "{309A4449-783B-4066-8AFE-FD7D0BB7E17C}"
EndProject
Global
	GlobalSection(SolutionConfigurationPlatforms) = preSolution
		Debug|x64 = Debug|x64
		Debug|x86 = Debug|x86
		Release|x64 = Release|x64
		Release|x86 = Release|x86
	EndGlobalSection
	GlobalSection(ProjectConfigurationPlatforms) = postSolution
		{309A4449-783B-4066-8AFE-FD7D0BB7E17C}.Debug|x64.ActiveCfg = Debug|x64
		{309A4449-783B-4066-8AFE-FD7D0BB7E17C}.Debug|x64.Build.0 = Debug|x64
		{309A4449-783B-4066-8AFE-FD7D0BB7E17C}.Debug|x86.ActiveCfg = Debug|Win32
		{309A4449-783B-4066-8AFE-FD7D0BB7E17C}.Debug|x86.Build.0 = Debug|Win32
		{309A4449-783B-4066-8AFE-FD7D0BB7E17C}.Release|x64.ActiveCfg = Release|x64
		{309A4449-783B-4066-8AFE-FD7D0BB7E17C}.Release|x64.Build.0 = Release|x64
		{309A4449-783B-4066-8AFE-FD7D0BB7E17C}.Release|x86.ActiveCfg = Release|Win32
		{309A4449-783B-4066-8AFE-FD7D0BB7E17C}.Release|x86.Build.0 = Release|Win32
	EndGlobalSection
	GlobalSection(SolutionProperties) = preSolution
		HideSolutionNode = FALSE
	EndGlobalSection
	GlobalSection(ExtensibilityGlobals) = postSolution
		SolutionGuid = {2BCCD820-1A46-432B-BB18-B996DB3A8CA7}
	EndGlobalSection
EndGlobal
